# This file is autogenerated, do not edit; changes may be undone by the next 'dep ensure'.


[[projects]]
  branch = "master"
  name = "github.com/cppforlife/go-semi-semantic"
  packages = ["version"]
  revision = "576b6af77ae4f3ccef356902fb3b9a9ae22e0b11"

[[projects]]
  branch = "v2"
  name = "gopkg.in/yaml.v2"
  packages = ["."]
  revision = "eb3733d160e74a9c7e442f435eb3bea458e1d19f"

[solve-meta]
  analyzer-name = "dep"
  analyzer-version = 1
  inputs-digest = "0b8d9c6157d86599cd89049cabc764fe93d8e51fdcda74c4620513c4fc0b1a3c"
  solver-name = "gps-cdcl"
  solver-version = 1
